<?xml version="1.0" encoding="utf-8"?>
<Project ToolsVersion="4.0" xmlns="http://schemas.microsoft.com/developer/msbuild/2003">
  <ItemGroup>
    <Filter Include="Source Files">
      <UniqueIdentifier>{4FC737F1-C7A5-4376-A066-2A32D752A2FF}</UniqueIdentifier>
      <Extensions>cpp;c;cc;cxx;def;odl;idl;hpj;bat;asm;asmx</Extensions>
    </Filter>
    <Filter Include="Header Files">
      <UniqueIdentifier>{93995380-89BD-4b04-88EB-625FBE52EBFB}</UniqueIdentifier>
      <Extensions>h;hpp;hxx;hm;inl;inc;xsd</Extensions>
    </Filter>
    <Filter Include="Resource Files">
      <UniqueIdentifier>{67DA6AB6-F800-4c08-8B7A-83BB121AAD01}</UniqueIdentifier>
      <Extensions>rc;ico;cur;bmp;dlg;rc2;rct;bin;rgs;gif;jpg;jpeg;jpe;resx;tiff;tif;png;wav</Extensions>
    </Filter>
    <Filter Include="Source Files\Fixtures">
      <UniqueIdentifier>{be10af08-5fe3-46f4-b4d4-e0d9ec532954}</UniqueIdentifier>
    </Filter>
    <Filter Include="Header Files\Fixtures">
      <UniqueIdentifier>{20c2a3a4-befd-44f6-8ae5-2eb88bd340e4}</UniqueIdentifier>
    </Filter>
    <Filter Include="Header Files\Mocks">
      <UniqueIdentifier>{8c5763ac-4480-4b4c-af55-b324c0771ceb}</UniqueIdentifier>
    </Filter>
    <Filter Include="Header Files\Tools">
      <UniqueIdentifier>{ad6dd77f-daf4-4770-832d-a50c40df072e}</UniqueIdentifier>
    </Filter>
  </ItemGroup>
  <ItemGroup>
    <ClCompile Include="units\delete_responses.cxx">
      <Filter>Source Files</Filter>
    </ClCompile>
    <ClCompile Include="units\main.cxx">
      <Filter>Source Files</Filter>
    </ClCompile>
    <ClCompile Include="fixtures\deleting_client.cxx">
      <Filter>Source Files\Fixtures</Filter>
    </ClCompile>
    <ClCompile Include="units\get_responses.cxx">
      <Filter>Source Files</Filter>
    </ClCompile>
    <ClCompile Include="fixtures\getting_client.cxx">
      <Filter>Source Files\Fixtures</Filter>
    </ClCompile>
    <ClCompile Include="fixtures\riak-client-mocked-for-two-requests.cxx">
      <Filter>Source Files\Fixtures</Filter>
    </ClCompile>
    <ClCompile Include="fixtures\riak-client-with-mocked-transport.cxx">
      <Filter>Source Files\Fixtures</Filter>
    </ClCompile>
    <ClCompile Include="units\put_responses.cxx">
      <Filter>Source Files</Filter>
    </ClCompile>
    <ClCompile Include="fixtures\get_and_put_client.cxx">
      <Filter>Source Files\Fixtures</Filter>
    </ClCompile>
    <ClCompile Include="fixtures\get_with_siblings.cxx">
      <Filter>Source Files\Fixtures</Filter>
    </ClCompile>
    <ClCompile Include="units\sibling_resolution.cxx">
      <Filter>Source Files</Filter>
    </ClCompile>
  </ItemGroup>
  <ItemGroup>
    <ClInclude Include="fixtures\deleting_client.hxx">
      <Filter>Header Files\Fixtures</Filter>
    </ClInclude>
    <ClInclude Include="mocks\delete_request.hxx">
      <Filter>Header Files\Mocks</Filter>
    </ClInclude>
    <ClInclude Include="mocks\get_request.hxx">
      <Filter>Header Files\Mocks</Filter>
    </ClInclude>
    <ClInclude Include="mocks\transport.hxx">
      <Filter>Header Files\Mocks</Filter>
    </ClInclude>
    <ClInclude Include="mocks\sibling_resolution.hxx">
      <Filter>Header Files\Mocks</Filter>
    </ClInclude>
    <ClInclude Include="fixtures\riak-client-mocked-for-two-requests.hxx">
      <Filter>Header Files\Fixtures</Filter>
    </ClInclude>
    <ClInclude Include="fixtures\riak-client-with-mocked-transport.hxx">
      <Filter>Header Files\Fixtures</Filter>
    </ClInclude>
    <ClInclude Include="tools\use-case-control.hxx">
      <Filter>Header Files\Tools</Filter>
    </ClInclude>
    <ClInclude Include="fixtures\getting_client.hxx">
      <Filter>Header Files\Fixtures</Filter>
    </ClInclude>
    <ClInclude Include="fixtures\get_and_put_client.hxx">
      <Filter>Header Files\Fixtures</Filter>
    </ClInclude>
    <ClInclude Include="mocks\put_request.hxx">
      <Filter>Header Files\Mocks</Filter>
    </ClInclude>
    <ClInclude Include="fixtures\get_with_siblings.hxx">
      <Filter>Header Files\Fixtures</Filter>
    </ClInclude>
  </ItemGroup>
</Project>